{
    "_readme": [
        "This file locks the dependencies of your project to a known state",
        "Read more about it at https://getcomposer.org/doc/01-basic-usage.md#composer-lock-the-lock-file",
        "This file is @generated automatically"
    ],
    "hash": "68bf988ddf412358a82cea711bd2f1d3",
    "content-hash": "c6e758a9c544ba2385a83058e3c71655",
    "packages": [],
    "packages-dev": [],
    "aliases": [],
    "minimum-stability": "stable",
    "stability-flags": [],
    "prefer-stable": false,
    "prefer-lowest": false,
    "platform": {
        "ext-curl": "*",
        "ext-geoip": "*",
        "ext-gmp": "*",
        "ext-http": "*",
        "ext-json": "*",
        "ext-mbstring": "*",
        "ext-mcrypt": "*",
        "ext-memcached": "*",
        "ext-pdo": "*",
        "php-64bit": ">=5.5.0"
    },
    "platform-dev": []
}
